
Microsoft Visual Studio Solution File, Format Version 12.00
# Visual Studio Version 16
VisualStudioVersion = 16.0.29215.179
MinimumVisualStudioVersion = 10.0.40219.1
Project("{8BC9CEB8-8B4A-11D0-8D11-00A0C91BC942}") = "vo_epipolar", "vo_epipolar\vo_epipolar.vcxproj", "{5549C427-BA0F-48AF-B3A0-029A8B57E71F}"
EndProject
Project("{8BC9CEB8-8B4A-11D0-8D11-00A0C91BC942}") = "video_stabilization", "video_stabilization\video_stabilization.vcxproj", "{5CCD570B-06A1-48B8-A7EF-756587CA45C0}"
EndProject
Project("{8BC9CEB8-8B4A-11D0-8D11-00A0C91BC942}") = "triangulation", "triangulation\triangulation.vcxproj", "{F3C46820-CF91-48EF-94E1-5ADB573D8D8B}"
EndProject
Project("{8BC9CEB8-8B4A-11D0-8D11-00A0C91BC942}") = "pose_estimation_chessboard", "pose_estimation_chessboard\pose_estimation_chessboard.vcxproj", "{E28D077A-B8C3-4391-AE2E-757E72C87BF6}"
EndProject
Project("{8BC9CEB8-8B4A-11D0-8D11-00A0C91BC942}") = "pose_estimation_book3", "pose_estimation_book3\pose_estimation_book3.vcxproj", "{9312ACB1-B08B-4AC5-8203-D4BA0194135B}"
EndProject
Project("{8BC9CEB8-8B4A-11D0-8D11-00A0C91BC942}") = "pose_estimation_book2", "pose_estimation_book2\pose_estimation_book2.vcxproj", "{96F78400-F3C3-4C44-AF1E-16DA3B27F828}"
EndProject
Project("{8BC9CEB8-8B4A-11D0-8D11-00A0C91BC942}") = "pose_estimation_book1", "pose_estimation_book1\pose_estimation_book1.vcxproj", "{76D265CF-2EDE-4A28-B456-E499E55165E8}"
EndProject
Project("{8BC9CEB8-8B4A-11D0-8D11-00A0C91BC942}") = "perspective_correction", "perspective_correction\perspective_correction.vcxproj", "{53A4EA3F-D463-4D4F-A991-77A16129D664}"
EndProject
Project("{8BC9CEB8-8B4A-11D0-8D11-00A0C91BC942}") = "object_localization", "object_localization\object_localization.vcxproj", "{7A2154BC-4A38-46E3-9F45-242EB9A5EADA}"
EndProject
Project("{8BC9CEB8-8B4A-11D0-8D11-00A0C91BC942}") = "line_fitting_ransac", "line_fitting_ransac\line_fitting_ransac.vcxproj", "{53D993B4-1B33-4C18-B279-B77B17517278}"
EndProject
Project("{8BC9CEB8-8B4A-11D0-8D11-00A0C91BC942}") = "image_stitching", "image_stitching\image_stitching.vcxproj", "{C6A12B5E-7F27-4316-9B09-BD93595A033A}"
EndProject
Project("{8BC9CEB8-8B4A-11D0-8D11-00A0C91BC942}") = "image_formation", "image_formation\image_formation.vcxproj", "{27C07F93-22C6-4ACD-A55B-B449F2212937}"
EndProject
Project("{8BC9CEB8-8B4A-11D0-8D11-00A0C91BC942}") = "distortion_correction", "distortion_correction\distortion_correction.vcxproj", "{E5444B55-196A-4A71-9BDE-C42E830B87B0}"
EndProject
Project("{8BC9CEB8-8B4A-11D0-8D11-00A0C91BC942}") = "camera_calibration", "camera_calibration\camera_calibration.vcxproj", "{8FE6C6CB-6D5D-4745-A4CE-0621BC8633B9}"
EndProject
Project("{8BC9CEB8-8B4A-11D0-8D11-00A0C91BC942}") = "line_fitting_m_est", "line_fitting_m_est\line_fitting_m_est.vcxproj", "{AFC78990-4FCF-40A8-AD20-39EA569AD2F2}"
EndProject
Project("{8BC9CEB8-8B4A-11D0-8D11-00A0C91BC942}") = "bundle_adjustment_global", "bundle_adjustment_global\bundle_adjustment_global.vcxproj", "{64E65811-6F72-479E-BEAB-1DADE0952A7B}"
EndProject
Project("{8BC9CEB8-8B4A-11D0-8D11-00A0C91BC942}") = "bundle_adjustment_inc", "bundle_adjustment_inc\bundle_adjustment_inc.vcxproj", "{968A197A-66E1-499E-B3DE-E7760D74081B}"
EndProject
Project("{8BC9CEB8-8B4A-11D0-8D11-00A0C91BC942}") = "sfm_global", "sfm_global\sfm_global.vcxproj", "{CA9BFC0D-1372-4FE4-B1BF-3C92E682895B}"
EndProject
Project("{8BC9CEB8-8B4A-11D0-8D11-00A0C91BC942}") = "sfm_inc", "sfm_inc\sfm_inc.vcxproj", "{7F03EDA8-3C33-4953-A2B0-F614905D7DE4}"
EndProject
Global
	GlobalSection(SolutionConfigurationPlatforms) = preSolution
		Debug|x64 = Debug|x64
		Release|x64 = Release|x64
	EndGlobalSection
	GlobalSection(ProjectConfigurationPlatforms) = postSolution
		{5549C427-BA0F-48AF-B3A0-029A8B57E71F}.Debug|x64.ActiveCfg = Debug|x64
		{5549C427-BA0F-48AF-B3A0-029A8B57E71F}.Debug|x64.Build.0 = Debug|x64
		{5549C427-BA0F-48AF-B3A0-029A8B57E71F}.Release|x64.ActiveCfg = Release|x64
		{5549C427-BA0F-48AF-B3A0-029A8B57E71F}.Release|x64.Build.0 = Release|x64
		{5CCD570B-06A1-48B8-A7EF-756587CA45C0}.Debug|x64.ActiveCfg = Debug|x64
		{5CCD570B-06A1-48B8-A7EF-756587CA45C0}.Debug|x64.Build.0 = Debug|x64
		{5CCD570B-06A1-48B8-A7EF-756587CA45C0}.Release|x64.ActiveCfg = Release|x64
		{5CCD570B-06A1-48B8-A7EF-756587CA45C0}.Release|x64.Build.0 = Release|x64
		{F3C46820-CF91-48EF-94E1-5ADB573D8D8B}.Debug|x64.ActiveCfg = Debug|x64
		{F3C46820-CF91-48EF-94E1-5ADB573D8D8B}.Debug|x64.Build.0 = Debug|x64
		{F3C46820-CF91-48EF-94E1-5ADB573D8D8B}.Release|x64.ActiveCfg = Release|x64
		{F3C46820-CF91-48EF-94E1-5ADB573D8D8B}.Release|x64.Build.0 = Release|x64
		{E28D077A-B8C3-4391-AE2E-757E72C87BF6}.Debug|x64.ActiveCfg = Debug|x64
		{E28D077A-B8C3-4391-AE2E-757E72C87BF6}.Debug|x64.Build.0 = Debug|x64
		{E28D077A-B8C3-4391-AE2E-757E72C87BF6}.Release|x64.ActiveCfg = Release|x64
		{E28D077A-B8C3-4391-AE2E-757E72C87BF6}.Release|x64.Build.0 = Release|x64
		{9312ACB1-B08B-4AC5-8203-D4BA0194135B}.Debug|x64.ActiveCfg = Debug|x64
		{9312ACB1-B08B-4AC5-8203-D4BA0194135B}.Debug|x64.Build.0 = Debug|x64
		{9312ACB1-B08B-4AC5-8203-D4BA0194135B}.Release|x64.ActiveCfg = Release|x64
		{9312ACB1-B08B-4AC5-8203-D4BA0194135B}.Release|x64.Build.0 = Release|x64
		{96F78400-F3C3-4C44-AF1E-16DA3B27F828}.Debug|x64.ActiveCfg = Debug|x64
		{96F78400-F3C3-4C44-AF1E-16DA3B27F828}.Debug|x64.Build.0 = Debug|x64
		{96F78400-F3C3-4C44-AF1E-16DA3B27F828}.Release|x64.ActiveCfg = Release|x64
		{96F78400-F3C3-4C44-AF1E-16DA3B27F828}.Release|x64.Build.0 = Release|x64
		{76D265CF-2EDE-4A28-B456-E499E55165E8}.Debug|x64.ActiveCfg = Debug|x64
		{76D265CF-2EDE-4A28-B456-E499E55165E8}.Debug|x64.Build.0 = Debug|x64
		{76D265CF-2EDE-4A28-B456-E499E55165E8}.Release|x64.ActiveCfg = Release|x64
		{76D265CF-2EDE-4A28-B456-E499E55165E8}.Release|x64.Build.0 = Release|x64
		{53A4EA3F-D463-4D4F-A991-77A16129D664}.Debug|x64.ActiveCfg = Debug|x64
		{53A4EA3F-D463-4D4F-A991-77A16129D664}.Debug|x64.Build.0 = Debug|x64
		{53A4EA3F-D463-4D4F-A991-77A16129D664}.Release|x64.ActiveCfg = Release|x64
		{53A4EA3F-D463-4D4F-A991-77A16129D664}.Release|x64.Build.0 = Release|x64
		{7A2154BC-4A38-46E3-9F45-242EB9A5EADA}.Debug|x64.ActiveCfg = Debug|x64
		{7A2154BC-4A38-46E3-9F45-242EB9A5EADA}.Debug|x64.Build.0 = Debug|x64
		{7A2154BC-4A38-46E3-9F45-242EB9A5EADA}.Release|x64.ActiveCfg = Release|x64
		{7A2154BC-4A38-46E3-9F45-242EB9A5EADA}.Release|x64.Build.0 = Release|x64
		{53D993B4-1B33-4C18-B279-B77B17517278}.Debug|x64.ActiveCfg = Debug|x64
		{53D993B4-1B33-4C18-B279-B77B17517278}.Debug|x64.Build.0 = Debug|x64
		{53D993B4-1B33-4C18-B279-B77B17517278}.Release|x64.ActiveCfg = Release|x64
		{53D993B4-1B33-4C18-B279-B77B17517278}.Release|x64.Build.0 = Release|x64
		{C6A12B5E-7F27-4316-9B09-BD93595A033A}.Debug|x64.ActiveCfg = Debug|x64
		{C6A12B5E-7F27-4316-9B09-BD93595A033A}.Debug|x64.Build.0 = Debug|x64
		{C6A12B5E-7F27-4316-9B09-BD93595A033A}.Release|x64.ActiveCfg = Release|x64
		{C6A12B5E-7F27-4316-9B09-BD93595A033A}.Release|x64.Build.0 = Release|x64
		{27C07F93-22C6-4ACD-A55B-B449F2212937}.Debug|x64.ActiveCfg = Debug|x64
		{27C07F93-22C6-4ACD-A55B-B449F2212937}.Debug|x64.Build.0 = Debug|x64
		{27C07F93-22C6-4ACD-A55B-B449F2212937}.Release|x64.ActiveCfg = Release|x64
		{27C07F93-22C6-4ACD-A55B-B449F2212937}.Release|x64.Build.0 = Release|x64
		{E5444B55-196A-4A71-9BDE-C42E830B87B0}.Debug|x64.ActiveCfg = Debug|x64
		{E5444B55-196A-4A71-9BDE-C42E830B87B0}.Debug|x64.Build.0 = Debug|x64
		{E5444B55-196A-4A71-9BDE-C42E830B87B0}.Release|x64.ActiveCfg = Release|x64
		{E5444B55-196A-4A71-9BDE-C42E830B87B0}.Release|x64.Build.0 = Release|x64
		{8FE6C6CB-6D5D-4745-A4CE-0621BC8633B9}.Debug|x64.ActiveCfg = Debug|x64
		{8FE6C6CB-6D5D-4745-A4CE-0621BC8633B9}.Debug|x64.Build.0 = Debug|x64
		{8FE6C6CB-6D5D-4745-A4CE-0621BC8633B9}.Release|x64.ActiveCfg = Release|x64
		{8FE6C6CB-6D5D-4745-A4CE-0621BC8633B9}.Release|x64.Build.0 = Release|x64
		{AFC78990-4FCF-40A8-AD20-39EA569AD2F2}.Debug|x64.ActiveCfg = Debug|x64
		{AFC78990-4FCF-40A8-AD20-39EA569AD2F2}.Debug|x64.Build.0 = Debug|x64
		{AFC78990-4FCF-40A8-AD20-39EA569AD2F2}.Release|x64.ActiveCfg = Release|x64
		{AFC78990-4FCF-40A8-AD20-39EA569AD2F2}.Release|x64.Build.0 = Release|x64
		{64E65811-6F72-479E-BEAB-1DADE0952A7B}.Debug|x64.ActiveCfg = Debug|x64
		{64E65811-6F72-479E-BEAB-1DADE0952A7B}.Debug|x64.Build.0 = Debug|x64
		{64E65811-6F72-479E-BEAB-1DADE0952A7B}.Release|x64.ActiveCfg = Release|x64
		{64E65811-6F72-479E-BEAB-1DADE0952A7B}.Release|x64.Build.0 = Release|x64
		{968A197A-66E1-499E-B3DE-E7760D74081B}.Debug|x64.ActiveCfg = Debug|x64
		{968A197A-66E1-499E-B3DE-E7760D74081B}.Debug|x64.Build.0 = Debug|x64
		{968A197A-66E1-499E-B3DE-E7760D74081B}.Release|x64.ActiveCfg = Release|x64
		{968A197A-66E1-499E-B3DE-E7760D74081B}.Release|x64.Build.0 = Release|x64
		{CA9BFC0D-1372-4FE4-B1BF-3C92E682895B}.Debug|x64.ActiveCfg = Debug|x64
		{CA9BFC0D-1372-4FE4-B1BF-3C92E682895B}.Debug|x64.Build.0 = Debug|x64
		{CA9BFC0D-1372-4FE4-B1BF-3C92E682895B}.Release|x64.ActiveCfg = Release|x64
		{CA9BFC0D-1372-4FE4-B1BF-3C92E682895B}.Release|x64.Build.0 = Release|x64
		{7F03EDA8-3C33-4953-A2B0-F614905D7DE4}.Debug|x64.ActiveCfg = Debug|x64
		{7F03EDA8-3C33-4953-A2B0-F614905D7DE4}.Debug|x64.Build.0 = Debug|x64
		{7F03EDA8-3C33-4953-A2B0-F614905D7DE4}.Release|x64.ActiveCfg = Release|x64
		{7F03EDA8-3C33-4953-A2B0-F614905D7DE4}.Release|x64.Build.0 = Release|x64
	EndGlobalSection
	GlobalSection(SolutionProperties) = preSolution
		HideSolutionNode = FALSE
	EndGlobalSection
	GlobalSection(ExtensibilityGlobals) = postSolution
		SolutionGuid = {39453DB6-E7B6-49FE-9307-CF0E0CB915E9}
	EndGlobalSection
EndGlobal
