
Microsoft Visual Studio Solution File, Format Version 12.00
# Visual Studio 2013
VisualStudioVersion = 12.0.40629.0
MinimumVisualStudioVersion = 10.0.40219.1
Project("{8BC9CEB8-8B4A-11D0-8D11-00A0C91BC942}") = "video_stabilization", "video_stabilization\video_stabilization.vcxproj", "{5CCD570B-06A1-48B8-A7EF-756587CA45C0}"
EndProject
Project("{8BC9CEB8-8B4A-11D0-8D11-00A0C91BC942}") = "visual_odometry_epipolar", "visual_odometry_epipolar\visual_odometry_epipolar.vcxproj", "{5549C427-BA0F-48AF-B3A0-029A8B57E71F}"
EndProject
Project("{8BC9CEB8-8B4A-11D0-8D11-00A0C91BC942}") = "image_formation", "image_formation\image_formation.vcxproj", "{27C07F93-22C6-4ACD-A55B-B449F2212937}"
EndProject
Project("{8BC9CEB8-8B4A-11D0-8D11-00A0C91BC942}") = "camera_calibration", "camera_calibration\camera_calibration.vcxproj", "{8FE6C6CB-6D5D-4745-A4CE-0621BC8633B9}"
EndProject
Project("{8BC9CEB8-8B4A-11D0-8D11-00A0C91BC942}") = "distortion_correction", "distortion_correction\distortion_correction.vcxproj", "{E5444B55-196A-4A71-9BDE-C42E830B87B0}"
EndProject
Project("{8BC9CEB8-8B4A-11D0-8D11-00A0C91BC942}") = "pose_estimation", "pose_estimation\pose_estimation.vcxproj", "{E28D077A-B8C3-4391-AE2E-757E72C87BF6}"
EndProject
Project("{8BC9CEB8-8B4A-11D0-8D11-00A0C91BC942}") = "perspective_correction", "perspective_correction\perspective_correction.vcxproj", "{53A4EA3F-D463-4D4F-A991-77A16129D664}"
EndProject
Project("{8BC9CEB8-8B4A-11D0-8D11-00A0C91BC942}") = "image_stitching", "image_stitching\image_stitching.vcxproj", "{C6A12B5E-7F27-4316-9B09-BD93595A033A}"
EndProject
Project("{8BC9CEB8-8B4A-11D0-8D11-00A0C91BC942}") = "triangulation", "triangulation\triangulation.vcxproj", "{F3C46820-CF91-48EF-94E1-5ADB573D8D8B}"
EndProject
Project("{8BC9CEB8-8B4A-11D0-8D11-00A0C91BC942}") = "bundle_adjustment", "bundle_adjustment\bundle_adjustment.vcxproj", "{968A197A-66E1-499E-B3DE-E7760D74081B}"
EndProject
Project("{8BC9CEB8-8B4A-11D0-8D11-00A0C91BC942}") = "ransac_line", "ransac_line\ransac_line.vcxproj", "{53D993B4-1B33-4C18-B279-B77B17517278}"
EndProject
Global
	GlobalSection(SolutionConfigurationPlatforms) = preSolution
		Debug|Win32 = Debug|Win32
		Release|Win32 = Release|Win32
	EndGlobalSection
	GlobalSection(ProjectConfigurationPlatforms) = postSolution
		{5CCD570B-06A1-48B8-A7EF-756587CA45C0}.Debug|Win32.ActiveCfg = Debug|Win32
		{5CCD570B-06A1-48B8-A7EF-756587CA45C0}.Debug|Win32.Build.0 = Debug|Win32
		{5CCD570B-06A1-48B8-A7EF-756587CA45C0}.Release|Win32.ActiveCfg = Release|Win32
		{5CCD570B-06A1-48B8-A7EF-756587CA45C0}.Release|Win32.Build.0 = Release|Win32
		{5549C427-BA0F-48AF-B3A0-029A8B57E71F}.Debug|Win32.ActiveCfg = Debug|Win32
		{5549C427-BA0F-48AF-B3A0-029A8B57E71F}.Debug|Win32.Build.0 = Debug|Win32
		{5549C427-BA0F-48AF-B3A0-029A8B57E71F}.Release|Win32.ActiveCfg = Release|Win32
		{5549C427-BA0F-48AF-B3A0-029A8B57E71F}.Release|Win32.Build.0 = Release|Win32
		{27C07F93-22C6-4ACD-A55B-B449F2212937}.Debug|Win32.ActiveCfg = Debug|Win32
		{27C07F93-22C6-4ACD-A55B-B449F2212937}.Debug|Win32.Build.0 = Debug|Win32
		{27C07F93-22C6-4ACD-A55B-B449F2212937}.Release|Win32.ActiveCfg = Release|Win32
		{27C07F93-22C6-4ACD-A55B-B449F2212937}.Release|Win32.Build.0 = Release|Win32
		{8FE6C6CB-6D5D-4745-A4CE-0621BC8633B9}.Debug|Win32.ActiveCfg = Debug|Win32
		{8FE6C6CB-6D5D-4745-A4CE-0621BC8633B9}.Debug|Win32.Build.0 = Debug|Win32
		{8FE6C6CB-6D5D-4745-A4CE-0621BC8633B9}.Release|Win32.ActiveCfg = Release|Win32
		{8FE6C6CB-6D5D-4745-A4CE-0621BC8633B9}.Release|Win32.Build.0 = Release|Win32
		{E5444B55-196A-4A71-9BDE-C42E830B87B0}.Debug|Win32.ActiveCfg = Debug|Win32
		{E5444B55-196A-4A71-9BDE-C42E830B87B0}.Debug|Win32.Build.0 = Debug|Win32
		{E5444B55-196A-4A71-9BDE-C42E830B87B0}.Release|Win32.ActiveCfg = Release|Win32
		{E5444B55-196A-4A71-9BDE-C42E830B87B0}.Release|Win32.Build.0 = Release|Win32
		{E28D077A-B8C3-4391-AE2E-757E72C87BF6}.Debug|Win32.ActiveCfg = Debug|Win32
		{E28D077A-B8C3-4391-AE2E-757E72C87BF6}.Debug|Win32.Build.0 = Debug|Win32
		{E28D077A-B8C3-4391-AE2E-757E72C87BF6}.Release|Win32.ActiveCfg = Release|Win32
		{E28D077A-B8C3-4391-AE2E-757E72C87BF6}.Release|Win32.Build.0 = Release|Win32
		{53A4EA3F-D463-4D4F-A991-77A16129D664}.Debug|Win32.ActiveCfg = Debug|Win32
		{53A4EA3F-D463-4D4F-A991-77A16129D664}.Debug|Win32.Build.0 = Debug|Win32
		{53A4EA3F-D463-4D4F-A991-77A16129D664}.Release|Win32.ActiveCfg = Release|Win32
		{53A4EA3F-D463-4D4F-A991-77A16129D664}.Release|Win32.Build.0 = Release|Win32
		{C6A12B5E-7F27-4316-9B09-BD93595A033A}.Debug|Win32.ActiveCfg = Debug|Win32
		{C6A12B5E-7F27-4316-9B09-BD93595A033A}.Debug|Win32.Build.0 = Debug|Win32
		{C6A12B5E-7F27-4316-9B09-BD93595A033A}.Release|Win32.ActiveCfg = Release|Win32
		{C6A12B5E-7F27-4316-9B09-BD93595A033A}.Release|Win32.Build.0 = Release|Win32
		{F3C46820-CF91-48EF-94E1-5ADB573D8D8B}.Debug|Win32.ActiveCfg = Debug|Win32
		{F3C46820-CF91-48EF-94E1-5ADB573D8D8B}.Debug|Win32.Build.0 = Debug|Win32
		{F3C46820-CF91-48EF-94E1-5ADB573D8D8B}.Release|Win32.ActiveCfg = Release|Win32
		{F3C46820-CF91-48EF-94E1-5ADB573D8D8B}.Release|Win32.Build.0 = Release|Win32
		{968A197A-66E1-499E-B3DE-E7760D74081B}.Debug|Win32.ActiveCfg = Debug|Win32
		{968A197A-66E1-499E-B3DE-E7760D74081B}.Debug|Win32.Build.0 = Debug|Win32
		{968A197A-66E1-499E-B3DE-E7760D74081B}.Release|Win32.ActiveCfg = Release|Win32
		{968A197A-66E1-499E-B3DE-E7760D74081B}.Release|Win32.Build.0 = Release|Win32
		{53D993B4-1B33-4C18-B279-B77B17517278}.Debug|Win32.ActiveCfg = Debug|Win32
		{53D993B4-1B33-4C18-B279-B77B17517278}.Debug|Win32.Build.0 = Debug|Win32
		{53D993B4-1B33-4C18-B279-B77B17517278}.Release|Win32.ActiveCfg = Release|Win32
		{53D993B4-1B33-4C18-B279-B77B17517278}.Release|Win32.Build.0 = Release|Win32
	EndGlobalSection
	GlobalSection(SolutionProperties) = preSolution
		HideSolutionNode = FALSE
	EndGlobalSection
EndGlobal
